PODS:
  - Alamofire (4.8.2)
  - Kingfisher (5.3.1)
  - RangeSeekSlider (1.8.0)
  - Stripe (15.0.0)
  - SwiftyDrop (4.2.0)

DEPENDENCIES:
  - Alamofire
  - Kingfisher
  - RangeSeekSlider
  - Stripe
  - SwiftyDrop (~> 4.0)

SPEC REPOS:
  https://github.com/cocoapods/specs.git:
    - Alamofire
    - Kingfisher
    - RangeSeekSlider
    - Stripe
    - SwiftyDrop

SPEC CHECKSUMS:
  Alamofire: ae5c501addb7afdbb13687d7f2f722c78734c2d3
  Kingfisher: d9e7e0b209b59b8f9873aa2f37654e81a7beea51
  RangeSeekSlider: 650b11fa1edcb92e1e0ede797669d98622570fb5
  Stripe: 312b22a67af9fa55c246d26148b3f3a9636a0ff2
  SwiftyDrop: c5b306082dfbd7d6b9c1e569dcdd2ab13306e552

PODFILE CHECKSUM: b9cccfa5b806f81bbb7c100b8873a97a34649512

COCOAPODS: 1.6.1
