PODS:
  - Alamofire (4.8.2)
  - Kingfisher (5.3.1)
  - Stripe (15.0.0)
  - SwiftyDrop (4.2.0)

DEPENDENCIES:
  - Alamofire
  - Kingfisher
  - Stripe
  - SwiftyDrop (~> 4.0)

SPEC REPOS:
  https://github.com/cocoapods/specs.git:
    - Alamofire
    - Kingfisher
    - Stripe
    - SwiftyDrop

SPEC CHECKSUMS:
  Alamofire: ae5c501addb7afdbb13687d7f2f722c78734c2d3
  Kingfisher: d9e7e0b209b59b8f9873aa2f37654e81a7beea51
  Stripe: 312b22a67af9fa55c246d26148b3f3a9636a0ff2
  SwiftyDrop: c5b306082dfbd7d6b9c1e569dcdd2ab13306e552

PODFILE CHECKSUM: 5b80f5b02cc61b6ad65cc8005562fa2d4542add1

COCOAPODS: 1.6.1
