// !$*UTF8*$!
{
	archiveVersion = 1;
	classes = {
	};
	objectVersion = 50;
	objects = {

/* Begin PBXBuildFile section */
		262B24D1225FDBE6004CB2FC /* Customer.swift in Sources */ = {isa = PBXBuildFile; fileRef = 262B24D0225FDBE6004CB2FC /* Customer.swift */; };
		262B24D4225FDE0D004CB2FC /* LandingController.swift in Sources */ = {isa = PBXBuildFile; fileRef = 262B24D3225FDE0D004CB2FC /* LandingController.swift */; };
		262B24D7225FE7DE004CB2FC /* GetProductsWorker.swift in Sources */ = {isa = PBXBuildFile; fileRef = 262B24D6225FE7DE004CB2FC /* GetProductsWorker.swift */; };
		262B24D922601DBF004CB2FC /* GetProductDetailWorker.swift in Sources */ = {isa = PBXBuildFile; fileRef = 262B24D822601DBF004CB2FC /* GetProductDetailWorker.swift */; };
		262B24DB22601E91004CB2FC /* ProductsInteractor.swift in Sources */ = {isa = PBXBuildFile; fileRef = 262B24DA22601E91004CB2FC /* ProductsInteractor.swift */; };
		262B24DD22601EAF004CB2FC /* ProductDetailInteractor.swift in Sources */ = {isa = PBXBuildFile; fileRef = 262B24DC22601EAF004CB2FC /* ProductDetailInteractor.swift */; };
		262B24DF226020CF004CB2FC /* GetColorsWorker.swift in Sources */ = {isa = PBXBuildFile; fileRef = 262B24DE226020CF004CB2FC /* GetColorsWorker.swift */; };
		262B24E12260288D004CB2FC /* GetSizesWorker.swift in Sources */ = {isa = PBXBuildFile; fileRef = 262B24E02260288D004CB2FC /* GetSizesWorker.swift */; };
		262B24E322602F09004CB2FC /* GetProductReviewWorker.swift in Sources */ = {isa = PBXBuildFile; fileRef = 262B24E222602F09004CB2FC /* GetProductReviewWorker.swift */; };
		262B24E52260425C004CB2FC /* CreateCartWorker.swift in Sources */ = {isa = PBXBuildFile; fileRef = 262B24E42260425C004CB2FC /* CreateCartWorker.swift */; };
		262B24E7226042E7004CB2FC /* AddToCartWorker.swift in Sources */ = {isa = PBXBuildFile; fileRef = 262B24E6226042E7004CB2FC /* AddToCartWorker.swift */; };
		262B24EB22604965004CB2FC /* BadgeButton.swift in Sources */ = {isa = PBXBuildFile; fileRef = 262B24EA22604965004CB2FC /* BadgeButton.swift */; };
		262B24ED22604C01004CB2FC /* GetCartItemsWorker.swift in Sources */ = {isa = PBXBuildFile; fileRef = 262B24EC22604C01004CB2FC /* GetCartItemsWorker.swift */; };
		2635CEE4225F232E00C1B412 /* ReviewSlideView.swift in Sources */ = {isa = PBXBuildFile; fileRef = 2635CEE3225F232E00C1B412 /* ReviewSlideView.swift */; };
		2635CEE6225F23F500C1B412 /* FAPaginationLayout.swift in Sources */ = {isa = PBXBuildFile; fileRef = 2635CEE5225F23F500C1B412 /* FAPaginationLayout.swift */; };
		2635CF14225F3C8300C1B412 /* CartController.swift in Sources */ = {isa = PBXBuildFile; fileRef = 2635CF13225F3C8300C1B412 /* CartController.swift */; };
		2635CF16225F3DF300C1B412 /* CartUI.swift in Sources */ = {isa = PBXBuildFile; fileRef = 2635CF15225F3DF300C1B412 /* CartUI.swift */; };
		2635CF18225F3E0A00C1B412 /* CartItem.swift in Sources */ = {isa = PBXBuildFile; fileRef = 2635CF17225F3E0A00C1B412 /* CartItem.swift */; };
		2680CE9B225C97AE00693692 /* AppDelegate.swift in Sources */ = {isa = PBXBuildFile; fileRef = 2680CE9A225C97AE00693692 /* AppDelegate.swift */; };
		2680CEA2225C97AE00693692 /* Assets.xcassets in Resources */ = {isa = PBXBuildFile; fileRef = 2680CEA1225C97AE00693692 /* Assets.xcassets */; };
		2680CEA5225C97AE00693692 /* LaunchScreen.storyboard in Resources */ = {isa = PBXBuildFile; fileRef = 2680CEA3225C97AE00693692 /* LaunchScreen.storyboard */; };
		2680CECA225C98BD00693692 /* NavigationExtension.swift in Sources */ = {isa = PBXBuildFile; fileRef = 2680CEAF225C98BB00693692 /* NavigationExtension.swift */; };
		2680CECB225C98BD00693692 /* UIViewExtension.swift in Sources */ = {isa = PBXBuildFile; fileRef = 2680CEB0225C98BB00693692 /* UIViewExtension.swift */; };
		2680CECC225C98BD00693692 /* UIApplicationExtension.swift in Sources */ = {isa = PBXBuildFile; fileRef = 2680CEB1225C98BB00693692 /* UIApplicationExtension.swift */; };
		2680CECD225C98BD00693692 /* DateExtension.swift in Sources */ = {isa = PBXBuildFile; fileRef = 2680CEB2225C98BC00693692 /* DateExtension.swift */; };
		2680CECE225C98BD00693692 /* ServiceConnector.swift in Sources */ = {isa = PBXBuildFile; fileRef = 2680CEB3225C98BC00693692 /* ServiceConnector.swift */; };
		2680CECF225C98BD00693692 /* knGridView.swift in Sources */ = {isa = PBXBuildFile; fileRef = 2680CEB4225C98BC00693692 /* knGridView.swift */; };
		2680CED0225C98BD00693692 /* knConstraints.swift in Sources */ = {isa = PBXBuildFile; fileRef = 2680CEB5225C98BC00693692 /* knConstraints.swift */; };
		2680CED1225C98BD00693692 /* StringExtension.swift in Sources */ = {isa = PBXBuildFile; fileRef = 2680CEB6225C98BC00693692 /* StringExtension.swift */; };
		2680CED2225C98BD00693692 /* 1.Setting.swift in Sources */ = {isa = PBXBuildFile; fileRef = 2680CEB7225C98BC00693692 /* 1.Setting.swift */; };
		2680CED3225C98BD00693692 /* DeviceType.swift in Sources */ = {isa = PBXBuildFile; fileRef = 2680CEB8225C98BC00693692 /* DeviceType.swift */; };
		2680CED4225C98BD00693692 /* Controller+Keyboard.swift in Sources */ = {isa = PBXBuildFile; fileRef = 2680CEB9225C98BC00693692 /* Controller+Keyboard.swift */; };
		2680CED5225C98BD00693692 /* UISearchBarExtension.swift in Sources */ = {isa = PBXBuildFile; fileRef = 2680CEBA225C98BC00693692 /* UISearchBarExtension.swift */; };
		2680CED6225C98BD00693692 /* General.swift in Sources */ = {isa = PBXBuildFile; fileRef = 2680CEBB225C98BC00693692 /* General.swift */; };
		2680CED7225C98BD00693692 /* knListView.swift in Sources */ = {isa = PBXBuildFile; fileRef = 2680CEBC225C98BC00693692 /* knListView.swift */; };
		2680CED8225C98BD00693692 /* knUIMaker.swift in Sources */ = {isa = PBXBuildFile; fileRef = 2680CEBD225C98BC00693692 /* knUIMaker.swift */; };
		2680CED9225C98BD00693692 /* UITextFieldExtension.swift in Sources */ = {isa = PBXBuildFile; fileRef = 2680CEBE225C98BC00693692 /* UITextFieldExtension.swift */; };
		2680CEDA225C98BD00693692 /* IntExtension.swift in Sources */ = {isa = PBXBuildFile; fileRef = 2680CEBF225C98BC00693692 /* IntExtension.swift */; };
		2680CEDB225C98BD00693692 /* UIViewControllerExtension.swift in Sources */ = {isa = PBXBuildFile; fileRef = 2680CEC0225C98BC00693692 /* UIViewControllerExtension.swift */; };
		2680CEDC225C98BD00693692 /* KMPlaceholderTextView.swift in Sources */ = {isa = PBXBuildFile; fileRef = 2680CEC1225C98BC00693692 /* KMPlaceholderTextView.swift */; };
		2680CEDD225C98BD00693692 /* 1.StartPoint.swift in Sources */ = {isa = PBXBuildFile; fileRef = 2680CEC2225C98BC00693692 /* 1.StartPoint.swift */; };
		2680CEDE225C98BD00693692 /* UIColorExtension.swift in Sources */ = {isa = PBXBuildFile; fileRef = 2680CEC3225C98BC00693692 /* UIColorExtension.swift */; };
		2680CEDF225C98BD00693692 /* UIImageExtension.swift in Sources */ = {isa = PBXBuildFile; fileRef = 2680CEC4225C98BC00693692 /* UIImageExtension.swift */; };
		2680CEE0225C98BD00693692 /* knView.swift in Sources */ = {isa = PBXBuildFile; fileRef = 2680CEC5225C98BC00693692 /* knView.swift */; };
		2680CEE1225C98BD00693692 /* knController.swift in Sources */ = {isa = PBXBuildFile; fileRef = 2680CEC6225C98BD00693692 /* knController.swift */; };
		2680CEE2225C98BD00693692 /* OtherExtensions.swift in Sources */ = {isa = PBXBuildFile; fileRef = 2680CEC7225C98BD00693692 /* OtherExtensions.swift */; };
		2680CEE3225C98BD00693692 /* UIFontExtension.swift in Sources */ = {isa = PBXBuildFile; fileRef = 2680CEC8225C98BD00693692 /* UIFontExtension.swift */; };
		2680CEE4225C98BD00693692 /* UIButtonExtension.swift in Sources */ = {isa = PBXBuildFile; fileRef = 2680CEC9225C98BD00693692 /* UIButtonExtension.swift */; };
		2680CEEA225C998500693692 /* Boss.swift in Sources */ = {isa = PBXBuildFile; fileRef = 2680CEE9225C998500693692 /* Boss.swift */; };
		2680CEEC225C9F8A00693692 /* ProductsController.swift in Sources */ = {isa = PBXBuildFile; fileRef = 2680CEEB225C9F8A00693692 /* ProductsController.swift */; };
		2680CEEE225C9FB800693692 /* ProductsUI.swift in Sources */ = {isa = PBXBuildFile; fileRef = 2680CEED225C9FB800693692 /* ProductsUI.swift */; };
		2680CEF5225CA1B300693692 /* Montserrat-ExtraBold.ttf in Resources */ = {isa = PBXBuildFile; fileRef = 2680CEF0225CA1B300693692 /* Montserrat-ExtraBold.ttf */; };
		2680CEF6225CA1B300693692 /* Montserrat-Light.ttf in Resources */ = {isa = PBXBuildFile; fileRef = 2680CEF1225CA1B300693692 /* Montserrat-Light.ttf */; };
		2680CEF7225CA1B300693692 /* Montserrat-SemiBold.ttf in Resources */ = {isa = PBXBuildFile; fileRef = 2680CEF2225CA1B300693692 /* Montserrat-SemiBold.ttf */; };
		2680CEF8225CA1B300693692 /* Montserrat-Medium.ttf in Resources */ = {isa = PBXBuildFile; fileRef = 2680CEF3225CA1B300693692 /* Montserrat-Medium.ttf */; };
		2680CEF9225CA1B300693692 /* Montserrat-Regular.ttf in Resources */ = {isa = PBXBuildFile; fileRef = 2680CEF4225CA1B300693692 /* Montserrat-Regular.ttf */; };
		2680CEFE225CACB600693692 /* LoginController.swift in Sources */ = {isa = PBXBuildFile; fileRef = 2680CEFD225CACB600693692 /* LoginController.swift */; };
		2680CF00225CACC700693692 /* LoginUI.swift in Sources */ = {isa = PBXBuildFile; fileRef = 2680CEFF225CACC700693692 /* LoginUI.swift */; };
		2680CF02225CAD6000693692 /* Colors.swift in Sources */ = {isa = PBXBuildFile; fileRef = 2680CF01225CAD6000693692 /* Colors.swift */; };
		2680CF04225CAEA500693692 /* RegisterUI.swift in Sources */ = {isa = PBXBuildFile; fileRef = 2680CF03225CAEA500693692 /* RegisterUI.swift */; };
		2680CF08225CAEBE00693692 /* RegisterController.swift in Sources */ = {isa = PBXBuildFile; fileRef = 2680CF07225CAEBE00693692 /* RegisterController.swift */; };
		2680CF0A225D953500693692 /* Common.swift in Sources */ = {isa = PBXBuildFile; fileRef = 2680CF09225D953500693692 /* Common.swift */; };
		2680CF0C225D95FB00693692 /* TermLabel.swift in Sources */ = {isa = PBXBuildFile; fileRef = 2680CF0B225D95FB00693692 /* TermLabel.swift */; };
		2680CF1D225D9ACF00693692 /* LoginInteractor.swift in Sources */ = {isa = PBXBuildFile; fileRef = 2680CF1C225D9ACF00693692 /* LoginInteractor.swift */; };
		2680CF1F225D9B2800693692 /* LoginWorker.swift in Sources */ = {isa = PBXBuildFile; fileRef = 2680CF1E225D9B2800693692 /* LoginWorker.swift */; };
		2680CF23225D9C4B00693692 /* RegisterInteractor.swift in Sources */ = {isa = PBXBuildFile; fileRef = 2680CF22225D9C4B00693692 /* RegisterInteractor.swift */; };
		2680CF25225D9C6000693692 /* RegisterWorker.swift in Sources */ = {isa = PBXBuildFile; fileRef = 2680CF24225D9C6000693692 /* RegisterWorker.swift */; };
		2680CF27225D9D2B00693692 /* PasswordValidation.swift in Sources */ = {isa = PBXBuildFile; fileRef = 2680CF26225D9D2B00693692 /* PasswordValidation.swift */; };
		2680CF2E225DA36200693692 /* ProductDetailController.swift in Sources */ = {isa = PBXBuildFile; fileRef = 2680CF2D225DA36200693692 /* ProductDetailController.swift */; };
		2680CF30225DA47A00693692 /* ImageSlideView.swift in Sources */ = {isa = PBXBuildFile; fileRef = 2680CF2F225DA47A00693692 /* ImageSlideView.swift */; };
		2680CF32225DA75F00693692 /* ProductDetailUI.swift in Sources */ = {isa = PBXBuildFile; fileRef = 2680CF31225DA75F00693692 /* ProductDetailUI.swift */; };
		26B22D27225DF4C10051E8CB /* SelectColorView.swift in Sources */ = {isa = PBXBuildFile; fileRef = 26B22D26225DF4C10051E8CB /* SelectColorView.swift */; };
		26B22D29225DFE1C0051E8CB /* SelectSizeView.swift in Sources */ = {isa = PBXBuildFile; fileRef = 26B22D28225DFE1C0051E8CB /* SelectSizeView.swift */; };
		FCA28A599810537C07A0FEA4 /* Pods_Shopmate.framework in Frameworks */ = {isa = PBXBuildFile; fileRef = E187B8C3BFEA359C454A7E11 /* Pods_Shopmate.framework */; };
/* End PBXBuildFile section */

/* Begin PBXFileReference section */
		262B24D0225FDBE6004CB2FC /* Customer.swift */ = {isa = PBXFileReference; lastKnownFileType = sourcecode.swift; path = Customer.swift; sourceTree = "<group>"; };
		262B24D3225FDE0D004CB2FC /* LandingController.swift */ = {isa = PBXFileReference; lastKnownFileType = sourcecode.swift; path = LandingController.swift; sourceTree = "<group>"; };
		262B24D6225FE7DE004CB2FC /* GetProductsWorker.swift */ = {isa = PBXFileReference; lastKnownFileType = sourcecode.swift; path = GetProductsWorker.swift; sourceTree = "<group>"; };
		262B24D822601DBF004CB2FC /* GetProductDetailWorker.swift */ = {isa = PBXFileReference; lastKnownFileType = sourcecode.swift; path = GetProductDetailWorker.swift; sourceTree = "<group>"; };
		262B24DA22601E91004CB2FC /* ProductsInteractor.swift */ = {isa = PBXFileReference; lastKnownFileType = sourcecode.swift; path = ProductsInteractor.swift; sourceTree = "<group>"; };
		262B24DC22601EAF004CB2FC /* ProductDetailInteractor.swift */ = {isa = PBXFileReference; lastKnownFileType = sourcecode.swift; path = ProductDetailInteractor.swift; sourceTree = "<group>"; };
		262B24DE226020CF004CB2FC /* GetColorsWorker.swift */ = {isa = PBXFileReference; lastKnownFileType = sourcecode.swift; path = GetColorsWorker.swift; sourceTree = "<group>"; };
		262B24E02260288D004CB2FC /* GetSizesWorker.swift */ = {isa = PBXFileReference; lastKnownFileType = sourcecode.swift; path = GetSizesWorker.swift; sourceTree = "<group>"; };
		262B24E222602F09004CB2FC /* GetProductReviewWorker.swift */ = {isa = PBXFileReference; lastKnownFileType = sourcecode.swift; path = GetProductReviewWorker.swift; sourceTree = "<group>"; };
		262B24E42260425C004CB2FC /* CreateCartWorker.swift */ = {isa = PBXFileReference; lastKnownFileType = sourcecode.swift; path = CreateCartWorker.swift; sourceTree = "<group>"; };
		262B24E6226042E7004CB2FC /* AddToCartWorker.swift */ = {isa = PBXFileReference; lastKnownFileType = sourcecode.swift; path = AddToCartWorker.swift; sourceTree = "<group>"; };
		262B24EA22604965004CB2FC /* BadgeButton.swift */ = {isa = PBXFileReference; lastKnownFileType = sourcecode.swift; path = BadgeButton.swift; sourceTree = "<group>"; };
		262B24EC22604C01004CB2FC /* GetCartItemsWorker.swift */ = {isa = PBXFileReference; lastKnownFileType = sourcecode.swift; path = GetCartItemsWorker.swift; sourceTree = "<group>"; };
		2635CEE3225F232E00C1B412 /* ReviewSlideView.swift */ = {isa = PBXFileReference; lastKnownFileType = sourcecode.swift; path = ReviewSlideView.swift; sourceTree = "<group>"; };
		2635CEE5225F23F500C1B412 /* FAPaginationLayout.swift */ = {isa = PBXFileReference; fileEncoding = 4; lastKnownFileType = sourcecode.swift; path = FAPaginationLayout.swift; sourceTree = "<group>"; };
		2635CF13225F3C8300C1B412 /* CartController.swift */ = {isa = PBXFileReference; lastKnownFileType = sourcecode.swift; path = CartController.swift; sourceTree = "<group>"; };
		2635CF15225F3DF300C1B412 /* CartUI.swift */ = {isa = PBXFileReference; lastKnownFileType = sourcecode.swift; path = CartUI.swift; sourceTree = "<group>"; };
		2635CF17225F3E0A00C1B412 /* CartItem.swift */ = {isa = PBXFileReference; lastKnownFileType = sourcecode.swift; path = CartItem.swift; sourceTree = "<group>"; };
		2680CE97225C97AE00693692 /* Shopmate.app */ = {isa = PBXFileReference; explicitFileType = wrapper.application; includeInIndex = 0; path = Shopmate.app; sourceTree = BUILT_PRODUCTS_DIR; };
		2680CE9A225C97AE00693692 /* AppDelegate.swift */ = {isa = PBXFileReference; lastKnownFileType = sourcecode.swift; path = AppDelegate.swift; sourceTree = "<group>"; };
		2680CEA1225C97AE00693692 /* Assets.xcassets */ = {isa = PBXFileReference; lastKnownFileType = folder.assetcatalog; path = Assets.xcassets; sourceTree = "<group>"; };
		2680CEA4225C97AE00693692 /* Base */ = {isa = PBXFileReference; lastKnownFileType = file.storyboard; name = Base; path = Base.lproj/LaunchScreen.storyboard; sourceTree = "<group>"; };
		2680CEA6225C97AE00693692 /* Info.plist */ = {isa = PBXFileReference; lastKnownFileType = text.plist.xml; path = Info.plist; sourceTree = "<group>"; };
		2680CEAF225C98BB00693692 /* NavigationExtension.swift */ = {isa = PBXFileReference; fileEncoding = 4; lastKnownFileType = sourcecode.swift; path = NavigationExtension.swift; sourceTree = "<group>"; };
		2680CEB0225C98BB00693692 /* UIViewExtension.swift */ = {isa = PBXFileReference; fileEncoding = 4; lastKnownFileType = sourcecode.swift; path = UIViewExtension.swift; sourceTree = "<group>"; };
		2680CEB1225C98BB00693692 /* UIApplicationExtension.swift */ = {isa = PBXFileReference; fileEncoding = 4; lastKnownFileType = sourcecode.swift; path = UIApplicationExtension.swift; sourceTree = "<group>"; };
		2680CEB2225C98BC00693692 /* DateExtension.swift */ = {isa = PBXFileReference; fileEncoding = 4; lastKnownFileType = sourcecode.swift; path = DateExtension.swift; sourceTree = "<group>"; };
		2680CEB3225C98BC00693692 /* ServiceConnector.swift */ = {isa = PBXFileReference; fileEncoding = 4; lastKnownFileType = sourcecode.swift; path = ServiceConnector.swift; sourceTree = "<group>"; };
		2680CEB4225C98BC00693692 /* knGridView.swift */ = {isa = PBXFileReference; fileEncoding = 4; lastKnownFileType = sourcecode.swift; path = knGridView.swift; sourceTree = "<group>"; };
		2680CEB5225C98BC00693692 /* knConstraints.swift */ = {isa = PBXFileReference; fileEncoding = 4; lastKnownFileType = sourcecode.swift; path = knConstraints.swift; sourceTree = "<group>"; };
		2680CEB6225C98BC00693692 /* StringExtension.swift */ = {isa = PBXFileReference; fileEncoding = 4; lastKnownFileType = sourcecode.swift; path = StringExtension.swift; sourceTree = "<group>"; };
		2680CEB7225C98BC00693692 /* 1.Setting.swift */ = {isa = PBXFileReference; fileEncoding = 4; lastKnownFileType = sourcecode.swift; path = 1.Setting.swift; sourceTree = "<group>"; };
		2680CEB8225C98BC00693692 /* DeviceType.swift */ = {isa = PBXFileReference; fileEncoding = 4; lastKnownFileType = sourcecode.swift; path = DeviceType.swift; sourceTree = "<group>"; };
		2680CEB9225C98BC00693692 /* Controller+Keyboard.swift */ = {isa = PBXFileReference; fileEncoding = 4; lastKnownFileType = sourcecode.swift; path = "Controller+Keyboard.swift"; sourceTree = "<group>"; };
		2680CEBA225C98BC00693692 /* UISearchBarExtension.swift */ = {isa = PBXFileReference; fileEncoding = 4; lastKnownFileType = sourcecode.swift; path = UISearchBarExtension.swift; sourceTree = "<group>"; };
		2680CEBB225C98BC00693692 /* General.swift */ = {isa = PBXFileReference; fileEncoding = 4; lastKnownFileType = sourcecode.swift; path = General.swift; sourceTree = "<group>"; };
		2680CEBC225C98BC00693692 /* knListView.swift */ = {isa = PBXFileReference; fileEncoding = 4; lastKnownFileType = sourcecode.swift; path = knListView.swift; sourceTree = "<group>"; };
		2680CEBD225C98BC00693692 /* knUIMaker.swift */ = {isa = PBXFileReference; fileEncoding = 4; lastKnownFileType = sourcecode.swift; path = knUIMaker.swift; sourceTree = "<group>"; };
		2680CEBE225C98BC00693692 /* UITextFieldExtension.swift */ = {isa = PBXFileReference; fileEncoding = 4; lastKnownFileType = sourcecode.swift; path = UITextFieldExtension.swift; sourceTree = "<group>"; };
		2680CEBF225C98BC00693692 /* IntExtension.swift */ = {isa = PBXFileReference; fileEncoding = 4; lastKnownFileType = sourcecode.swift; path = IntExtension.swift; sourceTree = "<group>"; };
		2680CEC0225C98BC00693692 /* UIViewControllerExtension.swift */ = {isa = PBXFileReference; fileEncoding = 4; lastKnownFileType = sourcecode.swift; path = UIViewControllerExtension.swift; sourceTree = "<group>"; };
		2680CEC1225C98BC00693692 /* KMPlaceholderTextView.swift */ = {isa = PBXFileReference; fileEncoding = 4; lastKnownFileType = sourcecode.swift; path = KMPlaceholderTextView.swift; sourceTree = "<group>"; };
		2680CEC2225C98BC00693692 /* 1.StartPoint.swift */ = {isa = PBXFileReference; fileEncoding = 4; lastKnownFileType = sourcecode.swift; path = 1.StartPoint.swift; sourceTree = "<group>"; };
		2680CEC3225C98BC00693692 /* UIColorExtension.swift */ = {isa = PBXFileReference; fileEncoding = 4; lastKnownFileType = sourcecode.swift; path = UIColorExtension.swift; sourceTree = "<group>"; };
		2680CEC4225C98BC00693692 /* UIImageExtension.swift */ = {isa = PBXFileReference; fileEncoding = 4; lastKnownFileType = sourcecode.swift; path = UIImageExtension.swift; sourceTree = "<group>"; };
		2680CEC5225C98BC00693692 /* knView.swift */ = {isa = PBXFileReference; fileEncoding = 4; lastKnownFileType = sourcecode.swift; path = knView.swift; sourceTree = "<group>"; };
		2680CEC6225C98BD00693692 /* knController.swift */ = {isa = PBXFileReference; fileEncoding = 4; lastKnownFileType = sourcecode.swift; path = knController.swift; sourceTree = "<group>"; };
		2680CEC7225C98BD00693692 /* OtherExtensions.swift */ = {isa = PBXFileReference; fileEncoding = 4; lastKnownFileType = sourcecode.swift; path = OtherExtensions.swift; sourceTree = "<group>"; };
		2680CEC8225C98BD00693692 /* UIFontExtension.swift */ = {isa = PBXFileReference; fileEncoding = 4; lastKnownFileType = sourcecode.swift; path = UIFontExtension.swift; sourceTree = "<group>"; };
		2680CEC9225C98BD00693692 /* UIButtonExtension.swift */ = {isa = PBXFileReference; fileEncoding = 4; lastKnownFileType = sourcecode.swift; path = UIButtonExtension.swift; sourceTree = "<group>"; };
		2680CEE9225C998500693692 /* Boss.swift */ = {isa = PBXFileReference; lastKnownFileType = sourcecode.swift; path = Boss.swift; sourceTree = "<group>"; };
		2680CEEB225C9F8A00693692 /* ProductsController.swift */ = {isa = PBXFileReference; lastKnownFileType = sourcecode.swift; path = ProductsController.swift; sourceTree = "<group>"; };
		2680CEED225C9FB800693692 /* ProductsUI.swift */ = {isa = PBXFileReference; lastKnownFileType = sourcecode.swift; path = ProductsUI.swift; sourceTree = "<group>"; };
		2680CEF0225CA1B300693692 /* Montserrat-ExtraBold.ttf */ = {isa = PBXFileReference; lastKnownFileType = file; path = "Montserrat-ExtraBold.ttf"; sourceTree = "<group>"; };
		2680CEF1225CA1B300693692 /* Montserrat-Light.ttf */ = {isa = PBXFileReference; lastKnownFileType = file; path = "Montserrat-Light.ttf"; sourceTree = "<group>"; };
		2680CEF2225CA1B300693692 /* Montserrat-SemiBold.ttf */ = {isa = PBXFileReference; lastKnownFileType = file; path = "Montserrat-SemiBold.ttf"; sourceTree = "<group>"; };
		2680CEF3225CA1B300693692 /* Montserrat-Medium.ttf */ = {isa = PBXFileReference; lastKnownFileType = file; path = "Montserrat-Medium.ttf"; sourceTree = "<group>"; };
		2680CEF4225CA1B300693692 /* Montserrat-Regular.ttf */ = {isa = PBXFileReference; lastKnownFileType = file; path = "Montserrat-Regular.ttf"; sourceTree = "<group>"; };
		2680CEFD225CACB600693692 /* LoginController.swift */ = {isa = PBXFileReference; lastKnownFileType = sourcecode.swift; path = LoginController.swift; sourceTree = "<group>"; };
		2680CEFF225CACC700693692 /* LoginUI.swift */ = {isa = PBXFileReference; lastKnownFileType = sourcecode.swift; path = LoginUI.swift; sourceTree = "<group>"; };
		2680CF01225CAD6000693692 /* Colors.swift */ = {isa = PBXFileReference; lastKnownFileType = sourcecode.swift; path = Colors.swift; sourceTree = "<group>"; };
		2680CF03225CAEA500693692 /* RegisterUI.swift */ = {isa = PBXFileReference; lastKnownFileType = sourcecode.swift; path = RegisterUI.swift; sourceTree = "<group>"; };
		2680CF07225CAEBE00693692 /* RegisterController.swift */ = {isa = PBXFileReference; lastKnownFileType = sourcecode.swift; path = RegisterController.swift; sourceTree = "<group>"; };
		2680CF09225D953500693692 /* Common.swift */ = {isa = PBXFileReference; lastKnownFileType = sourcecode.swift; path = Common.swift; sourceTree = "<group>"; };
		2680CF0B225D95FB00693692 /* TermLabel.swift */ = {isa = PBXFileReference; fileEncoding = 4; lastKnownFileType = sourcecode.swift; path = TermLabel.swift; sourceTree = "<group>"; };
		2680CF1C225D9ACF00693692 /* LoginInteractor.swift */ = {isa = PBXFileReference; lastKnownFileType = sourcecode.swift; path = LoginInteractor.swift; sourceTree = "<group>"; };
		2680CF1E225D9B2800693692 /* LoginWorker.swift */ = {isa = PBXFileReference; lastKnownFileType = sourcecode.swift; path = LoginWorker.swift; sourceTree = "<group>"; };
		2680CF22225D9C4B00693692 /* RegisterInteractor.swift */ = {isa = PBXFileReference; lastKnownFileType = sourcecode.swift; path = RegisterInteractor.swift; sourceTree = "<group>"; };
		2680CF24225D9C6000693692 /* RegisterWorker.swift */ = {isa = PBXFileReference; lastKnownFileType = sourcecode.swift; path = RegisterWorker.swift; sourceTree = "<group>"; };
		2680CF26225D9D2B00693692 /* PasswordValidation.swift */ = {isa = PBXFileReference; fileEncoding = 4; lastKnownFileType = sourcecode.swift; path = PasswordValidation.swift; sourceTree = "<group>"; };
		2680CF2D225DA36200693692 /* ProductDetailController.swift */ = {isa = PBXFileReference; lastKnownFileType = sourcecode.swift; path = ProductDetailController.swift; sourceTree = "<group>"; };
		2680CF2F225DA47A00693692 /* ImageSlideView.swift */ = {isa = PBXFileReference; fileEncoding = 4; lastKnownFileType = sourcecode.swift; path = ImageSlideView.swift; sourceTree = "<group>"; };
		2680CF31225DA75F00693692 /* ProductDetailUI.swift */ = {isa = PBXFileReference; lastKnownFileType = sourcecode.swift; path = ProductDetailUI.swift; sourceTree = "<group>"; };
		26B22D26225DF4C10051E8CB /* SelectColorView.swift */ = {isa = PBXFileReference; lastKnownFileType = sourcecode.swift; path = SelectColorView.swift; sourceTree = "<group>"; };
		26B22D28225DFE1C0051E8CB /* SelectSizeView.swift */ = {isa = PBXFileReference; lastKnownFileType = sourcecode.swift; path = SelectSizeView.swift; sourceTree = "<group>"; };
		C7DEC4811FF2CFB1A5F87783 /* Pods-Shopmate.debug.xcconfig */ = {isa = PBXFileReference; includeInIndex = 1; lastKnownFileType = text.xcconfig; name = "Pods-Shopmate.debug.xcconfig"; path = "Target Support Files/Pods-Shopmate/Pods-Shopmate.debug.xcconfig"; sourceTree = "<group>"; };
		D304633953D5990946743159 /* Pods-Shopmate.release.xcconfig */ = {isa = PBXFileReference; includeInIndex = 1; lastKnownFileType = text.xcconfig; name = "Pods-Shopmate.release.xcconfig"; path = "Target Support Files/Pods-Shopmate/Pods-Shopmate.release.xcconfig"; sourceTree = "<group>"; };
		E187B8C3BFEA359C454A7E11 /* Pods_Shopmate.framework */ = {isa = PBXFileReference; explicitFileType = wrapper.framework; includeInIndex = 0; path = Pods_Shopmate.framework; sourceTree = BUILT_PRODUCTS_DIR; };
/* End PBXFileReference section */

/* Begin PBXFrameworksBuildPhase section */
		2680CE94225C97AE00693692 /* Frameworks */ = {
			isa = PBXFrameworksBuildPhase;
			buildActionMask = 2147483647;
			files = (
				FCA28A599810537C07A0FEA4 /* Pods_Shopmate.framework in Frameworks */,
			);
			runOnlyForDeploymentPostprocessing = 0;
		};
/* End PBXFrameworksBuildPhase section */

/* Begin PBXGroup section */
		262B24D2225FDBF2004CB2FC /* Common */ = {
			isa = PBXGroup;
			children = (
				2680CF09225D953500693692 /* Common.swift */,
				262B24D0225FDBE6004CB2FC /* Customer.swift */,
				262B24DE226020CF004CB2FC /* GetColorsWorker.swift */,
				262B24E02260288D004CB2FC /* GetSizesWorker.swift */,
				262B24E42260425C004CB2FC /* CreateCartWorker.swift */,
			);
			path = Common;
			sourceTree = "<group>";
		};
		262B24D5225FE334004CB2FC /* Landing */ = {
			isa = PBXGroup;
			children = (
				262B24D3225FDE0D004CB2FC /* LandingController.swift */,
			);
			path = Landing;
			sourceTree = "<group>";
		};
		2635CF12225F3C7B00C1B412 /* Cart */ = {
			isa = PBXGroup;
			children = (
				2635CF13225F3C8300C1B412 /* CartController.swift */,
				2635CF15225F3DF300C1B412 /* CartUI.swift */,
				2635CF17225F3E0A00C1B412 /* CartItem.swift */,
			);
			path = Cart;
			sourceTree = "<group>";
		};
		2680CE8E225C97AE00693692 = {
			isa = PBXGroup;
			children = (
				2680CE99225C97AE00693692 /* Shopmate */,
				2680CE98225C97AE00693692 /* Products */,
				7DEF1522A0485D1E978B984E /* Pods */,
				F6A8BF500C1B3D122ECB9C2E /* Frameworks */,
			);
			sourceTree = "<group>";
		};
		2680CE98225C97AE00693692 /* Products */ = {
			isa = PBXGroup;
			children = (
				2680CE97225C97AE00693692 /* Shopmate.app */,
			);
			name = Products;
			sourceTree = "<group>";
		};
		2680CE99225C97AE00693692 /* Shopmate */ = {
			isa = PBXGroup;
			children = (
				2680CEE8225C997700693692 /* Features */,
				2680CEAE225C98B300693692 /* Libs */,
				2680CEE6225C98EC00693692 /* Config */,
				2680CEE7225C98F900693692 /* Resources */,
			);
			path = Shopmate;
			sourceTree = "<group>";
		};
		2680CEAE225C98B300693692 /* Libs */ = {
			isa = PBXGroup;
			children = (
				2680CF2F225DA47A00693692 /* ImageSlideView.swift */,
				26B22D26225DF4C10051E8CB /* SelectColorView.swift */,
				2635CEE3225F232E00C1B412 /* ReviewSlideView.swift */,
				26B22D28225DFE1C0051E8CB /* SelectSizeView.swift */,
				2680CEE5225C98C500693692 /* knStore */,
				262B24EA22604965004CB2FC /* BadgeButton.swift */,
			);
			path = Libs;
			sourceTree = "<group>";
		};
		2680CEE5225C98C500693692 /* knStore */ = {
			isa = PBXGroup;
			children = (
				2680CF26225D9D2B00693692 /* PasswordValidation.swift */,
				2635CEE5225F23F500C1B412 /* FAPaginationLayout.swift */,
				2680CF0B225D95FB00693692 /* TermLabel.swift */,
				2680CEB7225C98BC00693692 /* 1.Setting.swift */,
				2680CEC2225C98BC00693692 /* 1.StartPoint.swift */,
				2680CEB9225C98BC00693692 /* Controller+Keyboard.swift */,
				2680CEB2225C98BC00693692 /* DateExtension.swift */,
				2680CEB8225C98BC00693692 /* DeviceType.swift */,
				2680CEBB225C98BC00693692 /* General.swift */,
				2680CEBF225C98BC00693692 /* IntExtension.swift */,
				2680CEC1225C98BC00693692 /* KMPlaceholderTextView.swift */,
				2680CEB5225C98BC00693692 /* knConstraints.swift */,
				2680CEC6225C98BD00693692 /* knController.swift */,
				2680CEB4225C98BC00693692 /* knGridView.swift */,
				2680CEBC225C98BC00693692 /* knListView.swift */,
				2680CEBD225C98BC00693692 /* knUIMaker.swift */,
				2680CEC5225C98BC00693692 /* knView.swift */,
				2680CEAF225C98BB00693692 /* NavigationExtension.swift */,
				2680CEC7225C98BD00693692 /* OtherExtensions.swift */,
				2680CEB3225C98BC00693692 /* ServiceConnector.swift */,
				2680CEB6225C98BC00693692 /* StringExtension.swift */,
				2680CEB1225C98BB00693692 /* UIApplicationExtension.swift */,
				2680CEC9225C98BD00693692 /* UIButtonExtension.swift */,
				2680CEC3225C98BC00693692 /* UIColorExtension.swift */,
				2680CEC4225C98BC00693692 /* UIImageExtension.swift */,
				2680CEBA225C98BC00693692 /* UISearchBarExtension.swift */,
				2680CEBE225C98BC00693692 /* UITextFieldExtension.swift */,
				2680CEC0225C98BC00693692 /* UIViewControllerExtension.swift */,
				2680CEB0225C98BB00693692 /* UIViewExtension.swift */,
			);
			path = knStore;
			sourceTree = "<group>";
		};
		2680CEE6225C98EC00693692 /* Config */ = {
			isa = PBXGroup;
			children = (
				2680CE9A225C97AE00693692 /* AppDelegate.swift */,
				2680CEA6225C97AE00693692 /* Info.plist */,
			);
			path = Config;
			sourceTree = "<group>";
		};
		2680CEE7225C98F900693692 /* Resources */ = {
			isa = PBXGroup;
			children = (
				2680CEEF225CA1AD00693692 /* Fonts */,
				2680CEA1225C97AE00693692 /* Assets.xcassets */,
				2680CEA3225C97AE00693692 /* LaunchScreen.storyboard */,
			);
			path = Resources;
			sourceTree = "<group>";
		};
		2680CEE8225C997700693692 /* Features */ = {
			isa = PBXGroup;
			children = (
				2635CF12225F3C7B00C1B412 /* Cart */,
				2680CF2C225DA35B00693692 /* ProductDetail */,
				2680CEE9225C998500693692 /* Boss.swift */,
				2680CEFA225CAC7D00693692 /* Products */,
				2680CF20225D9B2D00693692 /* Login */,
				2680CF21225D9C3800693692 /* Register */,
				262B24D2225FDBF2004CB2FC /* Common */,
				262B24D5225FE334004CB2FC /* Landing */,
			);
			path = Features;
			sourceTree = "<group>";
		};
		2680CEEF225CA1AD00693692 /* Fonts */ = {
			isa = PBXGroup;
			children = (
				2680CEC8225C98BD00693692 /* UIFontExtension.swift */,
				2680CEF0225CA1B300693692 /* Montserrat-ExtraBold.ttf */,
				2680CEF1225CA1B300693692 /* Montserrat-Light.ttf */,
				2680CEF3225CA1B300693692 /* Montserrat-Medium.ttf */,
				2680CEF4225CA1B300693692 /* Montserrat-Regular.ttf */,
				2680CEF2225CA1B300693692 /* Montserrat-SemiBold.ttf */,
				2680CF01225CAD6000693692 /* Colors.swift */,
			);
			path = Fonts;
			sourceTree = "<group>";
		};
		2680CEFA225CAC7D00693692 /* Products */ = {
			isa = PBXGroup;
			children = (
				2680CEEB225C9F8A00693692 /* ProductsController.swift */,
				2680CEED225C9FB800693692 /* ProductsUI.swift */,
				262B24D6225FE7DE004CB2FC /* GetProductsWorker.swift */,
				262B24DA22601E91004CB2FC /* ProductsInteractor.swift */,
			);
			path = Products;
			sourceTree = "<group>";
		};
		2680CF20225D9B2D00693692 /* Login */ = {
			isa = PBXGroup;
			children = (
				2680CEFD225CACB600693692 /* LoginController.swift */,
				2680CEFF225CACC700693692 /* LoginUI.swift */,
				2680CF1C225D9ACF00693692 /* LoginInteractor.swift */,
				2680CF1E225D9B2800693692 /* LoginWorker.swift */,
			);
			path = Login;
			sourceTree = "<group>";
		};
		2680CF21225D9C3800693692 /* Register */ = {
			isa = PBXGroup;
			children = (
				2680CF03225CAEA500693692 /* RegisterUI.swift */,
				2680CF07225CAEBE00693692 /* RegisterController.swift */,
				2680CF22225D9C4B00693692 /* RegisterInteractor.swift */,
				2680CF24225D9C6000693692 /* RegisterWorker.swift */,
			);
			path = Register;
			sourceTree = "<group>";
		};
		2680CF2C225DA35B00693692 /* ProductDetail */ = {
			isa = PBXGroup;
			children = (
				2680CF2D225DA36200693692 /* ProductDetailController.swift */,
				2680CF31225DA75F00693692 /* ProductDetailUI.swift */,
				262B24D822601DBF004CB2FC /* GetProductDetailWorker.swift */,
				262B24DC22601EAF004CB2FC /* ProductDetailInteractor.swift */,
				262B24E222602F09004CB2FC /* GetProductReviewWorker.swift */,
				262B24E6226042E7004CB2FC /* AddToCartWorker.swift */,
				262B24EC22604C01004CB2FC /* GetCartItemsWorker.swift */,
			);
			path = ProductDetail;
			sourceTree = "<group>";
		};
		7DEF1522A0485D1E978B984E /* Pods */ = {
			isa = PBXGroup;
			children = (
				C7DEC4811FF2CFB1A5F87783 /* Pods-Shopmate.debug.xcconfig */,
				D304633953D5990946743159 /* Pods-Shopmate.release.xcconfig */,
			);
			path = Pods;
			sourceTree = "<group>";
		};
		F6A8BF500C1B3D122ECB9C2E /* Frameworks */ = {
			isa = PBXGroup;
			children = (
				E187B8C3BFEA359C454A7E11 /* Pods_Shopmate.framework */,
			);
			name = Frameworks;
			sourceTree = "<group>";
		};
/* End PBXGroup section */

/* Begin PBXNativeTarget section */
		2680CE96225C97AE00693692 /* Shopmate */ = {
			isa = PBXNativeTarget;
			buildConfigurationList = 2680CEA9225C97AE00693692 /* Build configuration list for PBXNativeTarget "Shopmate" */;
			buildPhases = (
				2FB314656770963A600CE7D1 /* [CP] Check Pods Manifest.lock */,
				2680CE93225C97AE00693692 /* Sources */,
				2680CE94225C97AE00693692 /* Frameworks */,
				2680CE95225C97AE00693692 /* Resources */,
				01AEEE6DE5D84693297AE5D9 /* [CP] Embed Pods Frameworks */,
			);
			buildRules = (
			);
			dependencies = (
			);
			name = Shopmate;
			productName = Shopmate;
			productReference = 2680CE97225C97AE00693692 /* Shopmate.app */;
			productType = "com.apple.product-type.application";
		};
/* End PBXNativeTarget section */

/* Begin PBXProject section */
		2680CE8F225C97AE00693692 /* Project object */ = {
			isa = PBXProject;
			attributes = {
				LastSwiftUpdateCheck = 1020;
				LastUpgradeCheck = 1020;
				ORGANIZATIONNAME = "Ky Nguyen";
				TargetAttributes = {
					2680CE96225C97AE00693692 = {
						CreatedOnToolsVersion = 10.2;
					};
				};
			};
			buildConfigurationList = 2680CE92225C97AE00693692 /* Build configuration list for PBXProject "Shopmate" */;
			compatibilityVersion = "Xcode 9.3";
			developmentRegion = en;
			hasScannedForEncodings = 0;
			knownRegions = (
				en,
				Base,
			);
			mainGroup = 2680CE8E225C97AE00693692;
			productRefGroup = 2680CE98225C97AE00693692 /* Products */;
			projectDirPath = "";
			projectRoot = "";
			targets = (
				2680CE96225C97AE00693692 /* Shopmate */,
			);
		};
/* End PBXProject section */

/* Begin PBXResourcesBuildPhase section */
		2680CE95225C97AE00693692 /* Resources */ = {
			isa = PBXResourcesBuildPhase;
			buildActionMask = 2147483647;
			files = (
				2680CEF6225CA1B300693692 /* Montserrat-Light.ttf in Resources */,
				2680CEA5225C97AE00693692 /* LaunchScreen.storyboard in Resources */,
				2680CEF9225CA1B300693692 /* Montserrat-Regular.ttf in Resources */,
				2680CEF5225CA1B300693692 /* Montserrat-ExtraBold.ttf in Resources */,
				2680CEA2225C97AE00693692 /* Assets.xcassets in Resources */,
				2680CEF8225CA1B300693692 /* Montserrat-Medium.ttf in Resources */,
				2680CEF7225CA1B300693692 /* Montserrat-SemiBold.ttf in Resources */,
			);
			runOnlyForDeploymentPostprocessing = 0;
		};
/* End PBXResourcesBuildPhase section */

/* Begin PBXShellScriptBuildPhase section */
		01AEEE6DE5D84693297AE5D9 /* [CP] Embed Pods Frameworks */ = {
			isa = PBXShellScriptBuildPhase;
			buildActionMask = 2147483647;
			files = (
			);
			inputFileListPaths = (
			);
			inputPaths = (
				"${PODS_ROOT}/Target Support Files/Pods-Shopmate/Pods-Shopmate-frameworks.sh",
				"${BUILT_PRODUCTS_DIR}/Alamofire/Alamofire.framework",
				"${BUILT_PRODUCTS_DIR}/Kingfisher/Kingfisher.framework",
				"${BUILT_PRODUCTS_DIR}/SwiftyDrop/SwiftyDrop.framework",
			);
			name = "[CP] Embed Pods Frameworks";
			outputFileListPaths = (
			);
			outputPaths = (
				"${TARGET_BUILD_DIR}/${FRAMEWORKS_FOLDER_PATH}/Alamofire.framework",
				"${TARGET_BUILD_DIR}/${FRAMEWORKS_FOLDER_PATH}/Kingfisher.framework",
				"${TARGET_BUILD_DIR}/${FRAMEWORKS_FOLDER_PATH}/SwiftyDrop.framework",
			);
			runOnlyForDeploymentPostprocessing = 0;
			shellPath = /bin/sh;
			shellScript = "\"${PODS_ROOT}/Target Support Files/Pods-Shopmate/Pods-Shopmate-frameworks.sh\"\n";
			showEnvVarsInLog = 0;
		};
		2FB314656770963A600CE7D1 /* [CP] Check Pods Manifest.lock */ = {
			isa = PBXShellScriptBuildPhase;
			buildActionMask = 2147483647;
			files = (
			);
			inputFileListPaths = (
			);
			inputPaths = (
				"${PODS_PODFILE_DIR_PATH}/Podfile.lock",
				"${PODS_ROOT}/Manifest.lock",
			);
			name = "[CP] Check Pods Manifest.lock";
			outputFileListPaths = (
			);
			outputPaths = (
				"$(DERIVED_FILE_DIR)/Pods-Shopmate-checkManifestLockResult.txt",
			);
			runOnlyForDeploymentPostprocessing = 0;
			shellPath = /bin/sh;
			shellScript = "diff \"${PODS_PODFILE_DIR_PATH}/Podfile.lock\" \"${PODS_ROOT}/Manifest.lock\" > /dev/null\nif [ $? != 0 ] ; then\n    # print error to STDERR\n    echo \"error: The sandbox is not in sync with the Podfile.lock. Run 'pod install' or update your CocoaPods installation.\" >&2\n    exit 1\nfi\n# This output is used by Xcode 'outputs' to avoid re-running this script phase.\necho \"SUCCESS\" > \"${SCRIPT_OUTPUT_FILE_0}\"\n";
			showEnvVarsInLog = 0;
		};
/* End PBXShellScriptBuildPhase section */

/* Begin PBXSourcesBuildPhase section */
		2680CE93225C97AE00693692 /* Sources */ = {
			isa = PBXSourcesBuildPhase;
			buildActionMask = 2147483647;
			files = (
				262B24E7226042E7004CB2FC /* AddToCartWorker.swift in Sources */,
				2680CED9225C98BD00693692 /* UITextFieldExtension.swift in Sources */,
				2680CECD225C98BD00693692 /* DateExtension.swift in Sources */,
				2680CEE2225C98BD00693692 /* OtherExtensions.swift in Sources */,
				2680CF02225CAD6000693692 /* Colors.swift in Sources */,
				262B24DF226020CF004CB2FC /* GetColorsWorker.swift in Sources */,
				262B24D922601DBF004CB2FC /* GetProductDetailWorker.swift in Sources */,
				2680CF00225CACC700693692 /* LoginUI.swift in Sources */,
				26B22D29225DFE1C0051E8CB /* SelectSizeView.swift in Sources */,
				262B24E52260425C004CB2FC /* CreateCartWorker.swift in Sources */,
				262B24E12260288D004CB2FC /* GetSizesWorker.swift in Sources */,
				2680CED1225C98BD00693692 /* StringExtension.swift in Sources */,
				2635CF16225F3DF300C1B412 /* CartUI.swift in Sources */,
				2680CF25225D9C6000693692 /* RegisterWorker.swift in Sources */,
				2680CEDE225C98BD00693692 /* UIColorExtension.swift in Sources */,
				2680CEEC225C9F8A00693692 /* ProductsController.swift in Sources */,
				2680CF08225CAEBE00693692 /* RegisterController.swift in Sources */,
				2680CF1D225D9ACF00693692 /* LoginInteractor.swift in Sources */,
				2680CEE0225C98BD00693692 /* knView.swift in Sources */,
				2680CF2E225DA36200693692 /* ProductDetailController.swift in Sources */,
				26B22D27225DF4C10051E8CB /* SelectColorView.swift in Sources */,
				2680CEE1225C98BD00693692 /* knController.swift in Sources */,
				2635CF18225F3E0A00C1B412 /* CartItem.swift in Sources */,
				2680CED2225C98BD00693692 /* 1.Setting.swift in Sources */,
				2680CECE225C98BD00693692 /* ServiceConnector.swift in Sources */,
				2680CEE3225C98BD00693692 /* UIFontExtension.swift in Sources */,
				2680CF1F225D9B2800693692 /* LoginWorker.swift in Sources */,
				2680CE9B225C97AE00693692 /* AppDelegate.swift in Sources */,
				2680CECC225C98BD00693692 /* UIApplicationExtension.swift in Sources */,
				2680CEFE225CACB600693692 /* LoginController.swift in Sources */,
				2680CEE4225C98BD00693692 /* UIButtonExtension.swift in Sources */,
				2680CED0225C98BD00693692 /* knConstraints.swift in Sources */,
				262B24E322602F09004CB2FC /* GetProductReviewWorker.swift in Sources */,
				2680CECF225C98BD00693692 /* knGridView.swift in Sources */,
				2680CEEA225C998500693692 /* Boss.swift in Sources */,
				2680CEDC225C98BD00693692 /* KMPlaceholderTextView.swift in Sources */,
				2680CEDA225C98BD00693692 /* IntExtension.swift in Sources */,
				2680CED6225C98BD00693692 /* General.swift in Sources */,
				2680CF04225CAEA500693692 /* RegisterUI.swift in Sources */,
				262B24DD22601EAF004CB2FC /* ProductDetailInteractor.swift in Sources */,
				2635CF14225F3C8300C1B412 /* CartController.swift in Sources */,
				2680CEDB225C98BD00693692 /* UIViewControllerExtension.swift in Sources */,
				2680CED4225C98BD00693692 /* Controller+Keyboard.swift in Sources */,
				262B24D4225FDE0D004CB2FC /* LandingController.swift in Sources */,
				2680CED7225C98BD00693692 /* knListView.swift in Sources */,
				2680CF32225DA75F00693692 /* ProductDetailUI.swift in Sources */,
				2680CF0C225D95FB00693692 /* TermLabel.swift in Sources */,
				262B24D7225FE7DE004CB2FC /* GetProductsWorker.swift in Sources */,
				2680CF23225D9C4B00693692 /* RegisterInteractor.swift in Sources */,
				2680CED8225C98BD00693692 /* knUIMaker.swift in Sources */,
				2680CED3225C98BD00693692 /* DeviceType.swift in Sources */,
				2680CECB225C98BD00693692 /* UIViewExtension.swift in Sources */,
				262B24EB22604965004CB2FC /* BadgeButton.swift in Sources */,
				2635CEE6225F23F500C1B412 /* FAPaginationLayout.swift in Sources */,
				262B24ED22604C01004CB2FC /* GetCartItemsWorker.swift in Sources */,
				2680CECA225C98BD00693692 /* NavigationExtension.swift in Sources */,
				262B24DB22601E91004CB2FC /* ProductsInteractor.swift in Sources */,
				2680CF30225DA47A00693692 /* ImageSlideView.swift in Sources */,
				2680CEDD225C98BD00693692 /* 1.StartPoint.swift in Sources */,
				2635CEE4225F232E00C1B412 /* ReviewSlideView.swift in Sources */,
				2680CF0A225D953500693692 /* Common.swift in Sources */,
				2680CF27225D9D2B00693692 /* PasswordValidation.swift in Sources */,
				2680CEEE225C9FB800693692 /* ProductsUI.swift in Sources */,
				262B24D1225FDBE6004CB2FC /* Customer.swift in Sources */,
				2680CED5225C98BD00693692 /* UISearchBarExtension.swift in Sources */,
				2680CEDF225C98BD00693692 /* UIImageExtension.swift in Sources */,
			);
			runOnlyForDeploymentPostprocessing = 0;
		};
/* End PBXSourcesBuildPhase section */

/* Begin PBXVariantGroup section */
		2680CEA3225C97AE00693692 /* LaunchScreen.storyboard */ = {
			isa = PBXVariantGroup;
			children = (
				2680CEA4225C97AE00693692 /* Base */,
			);
			name = LaunchScreen.storyboard;
			sourceTree = "<group>";
		};
/* End PBXVariantGroup section */

/* Begin XCBuildConfiguration section */
		2680CEA7225C97AE00693692 /* Debug */ = {
			isa = XCBuildConfiguration;
			buildSettings = {
				ALWAYS_SEARCH_USER_PATHS = NO;
				CLANG_ANALYZER_NONNULL = YES;
				CLANG_ANALYZER_NUMBER_OBJECT_CONVERSION = YES_AGGRESSIVE;
				CLANG_CXX_LANGUAGE_STANDARD = "gnu++14";
				CLANG_CXX_LIBRARY = "libc++";
				CLANG_ENABLE_MODULES = YES;
				CLANG_ENABLE_OBJC_ARC = YES;
				CLANG_ENABLE_OBJC_WEAK = YES;
				CLANG_WARN_BLOCK_CAPTURE_AUTORELEASING = YES;
				CLANG_WARN_BOOL_CONVERSION = YES;
				CLANG_WARN_COMMA = YES;
				CLANG_WARN_CONSTANT_CONVERSION = YES;
				CLANG_WARN_DEPRECATED_OBJC_IMPLEMENTATIONS = YES;
				CLANG_WARN_DIRECT_OBJC_ISA_USAGE = YES_ERROR;
				CLANG_WARN_DOCUMENTATION_COMMENTS = YES;
				CLANG_WARN_EMPTY_BODY = YES;
				CLANG_WARN_ENUM_CONVERSION = YES;
				CLANG_WARN_INFINITE_RECURSION = YES;
				CLANG_WARN_INT_CONVERSION = YES;
				CLANG_WARN_NON_LITERAL_NULL_CONVERSION = YES;
				CLANG_WARN_OBJC_IMPLICIT_RETAIN_SELF = YES;
				CLANG_WARN_OBJC_LITERAL_CONVERSION = YES;
				CLANG_WARN_OBJC_ROOT_CLASS = YES_ERROR;
				CLANG_WARN_RANGE_LOOP_ANALYSIS = YES;
				CLANG_WARN_STRICT_PROTOTYPES = YES;
				CLANG_WARN_SUSPICIOUS_MOVE = YES;
				CLANG_WARN_UNGUARDED_AVAILABILITY = YES_AGGRESSIVE;
				CLANG_WARN_UNREACHABLE_CODE = YES;
				CLANG_WARN__DUPLICATE_METHOD_MATCH = YES;
				CODE_SIGN_IDENTITY = "iPhone Developer";
				COPY_PHASE_STRIP = NO;
				DEBUG_INFORMATION_FORMAT = dwarf;
				ENABLE_STRICT_OBJC_MSGSEND = YES;
				ENABLE_TESTABILITY = YES;
				GCC_C_LANGUAGE_STANDARD = gnu11;
				GCC_DYNAMIC_NO_PIC = NO;
				GCC_NO_COMMON_BLOCKS = YES;
				GCC_OPTIMIZATION_LEVEL = 0;
				GCC_PREPROCESSOR_DEFINITIONS = (
					"DEBUG=1",
					"$(inherited)",
				);
				GCC_WARN_64_TO_32_BIT_CONVERSION = YES;
				GCC_WARN_ABOUT_RETURN_TYPE = YES_ERROR;
				GCC_WARN_UNDECLARED_SELECTOR = YES;
				GCC_WARN_UNINITIALIZED_AUTOS = YES_AGGRESSIVE;
				GCC_WARN_UNUSED_FUNCTION = YES;
				GCC_WARN_UNUSED_VARIABLE = YES;
				IPHONEOS_DEPLOYMENT_TARGET = 12.2;
				MTL_ENABLE_DEBUG_INFO = INCLUDE_SOURCE;
				MTL_FAST_MATH = YES;
				ONLY_ACTIVE_ARCH = YES;
				SDKROOT = iphoneos;
				SWIFT_ACTIVE_COMPILATION_CONDITIONS = DEBUG;
				SWIFT_OPTIMIZATION_LEVEL = "-Onone";
			};
			name = Debug;
		};
		2680CEA8225C97AE00693692 /* Release */ = {
			isa = XCBuildConfiguration;
			buildSettings = {
				ALWAYS_SEARCH_USER_PATHS = NO;
				CLANG_ANALYZER_NONNULL = YES;
				CLANG_ANALYZER_NUMBER_OBJECT_CONVERSION = YES_AGGRESSIVE;
				CLANG_CXX_LANGUAGE_STANDARD = "gnu++14";
				CLANG_CXX_LIBRARY = "libc++";
				CLANG_ENABLE_MODULES = YES;
				CLANG_ENABLE_OBJC_ARC = YES;
				CLANG_ENABLE_OBJC_WEAK = YES;
				CLANG_WARN_BLOCK_CAPTURE_AUTORELEASING = YES;
				CLANG_WARN_BOOL_CONVERSION = YES;
				CLANG_WARN_COMMA = YES;
				CLANG_WARN_CONSTANT_CONVERSION = YES;
				CLANG_WARN_DEPRECATED_OBJC_IMPLEMENTATIONS = YES;
				CLANG_WARN_DIRECT_OBJC_ISA_USAGE = YES_ERROR;
				CLANG_WARN_DOCUMENTATION_COMMENTS = YES;
				CLANG_WARN_EMPTY_BODY = YES;
				CLANG_WARN_ENUM_CONVERSION = YES;
				CLANG_WARN_INFINITE_RECURSION = YES;
				CLANG_WARN_INT_CONVERSION = YES;
				CLANG_WARN_NON_LITERAL_NULL_CONVERSION = YES;
				CLANG_WARN_OBJC_IMPLICIT_RETAIN_SELF = YES;
				CLANG_WARN_OBJC_LITERAL_CONVERSION = YES;
				CLANG_WARN_OBJC_ROOT_CLASS = YES_ERROR;
				CLANG_WARN_RANGE_LOOP_ANALYSIS = YES;
				CLANG_WARN_STRICT_PROTOTYPES = YES;
				CLANG_WARN_SUSPICIOUS_MOVE = YES;
				CLANG_WARN_UNGUARDED_AVAILABILITY = YES_AGGRESSIVE;
				CLANG_WARN_UNREACHABLE_CODE = YES;
				CLANG_WARN__DUPLICATE_METHOD_MATCH = YES;
				CODE_SIGN_IDENTITY = "iPhone Developer";
				COPY_PHASE_STRIP = NO;
				DEBUG_INFORMATION_FORMAT = "dwarf-with-dsym";
				ENABLE_NS_ASSERTIONS = NO;
				ENABLE_STRICT_OBJC_MSGSEND = YES;
				GCC_C_LANGUAGE_STANDARD = gnu11;
				GCC_NO_COMMON_BLOCKS = YES;
				GCC_WARN_64_TO_32_BIT_CONVERSION = YES;
				GCC_WARN_ABOUT_RETURN_TYPE = YES_ERROR;
				GCC_WARN_UNDECLARED_SELECTOR = YES;
				GCC_WARN_UNINITIALIZED_AUTOS = YES_AGGRESSIVE;
				GCC_WARN_UNUSED_FUNCTION = YES;
				GCC_WARN_UNUSED_VARIABLE = YES;
				IPHONEOS_DEPLOYMENT_TARGET = 12.2;
				MTL_ENABLE_DEBUG_INFO = NO;
				MTL_FAST_MATH = YES;
				SDKROOT = iphoneos;
				SWIFT_COMPILATION_MODE = wholemodule;
				SWIFT_OPTIMIZATION_LEVEL = "-O";
				VALIDATE_PRODUCT = YES;
			};
			name = Release;
		};
		2680CEAA225C97AE00693692 /* Debug */ = {
			isa = XCBuildConfiguration;
			baseConfigurationReference = C7DEC4811FF2CFB1A5F87783 /* Pods-Shopmate.debug.xcconfig */;
			buildSettings = {
				ASSETCATALOG_COMPILER_APPICON_NAME = AppIcon;
				CODE_SIGN_STYLE = Automatic;
				DEVELOPMENT_TEAM = YM62LBZ4XN;
				INFOPLIST_FILE = "$(SRCROOT)/Shopmate/Config/Info.plist";
				LD_RUNPATH_SEARCH_PATHS = (
					"$(inherited)",
					"@executable_path/Frameworks",
				);
				PRODUCT_BUNDLE_IDENTIFIER = kynguyen.Shopmate;
				PRODUCT_NAME = "$(TARGET_NAME)";
				SWIFT_VERSION = 5.0;
				TARGETED_DEVICE_FAMILY = "1,2";
			};
			name = Debug;
		};
		2680CEAB225C97AE00693692 /* Release */ = {
			isa = XCBuildConfiguration;
			baseConfigurationReference = D304633953D5990946743159 /* Pods-Shopmate.release.xcconfig */;
			buildSettings = {
				ASSETCATALOG_COMPILER_APPICON_NAME = AppIcon;
				CODE_SIGN_STYLE = Automatic;
				DEVELOPMENT_TEAM = YM62LBZ4XN;
				INFOPLIST_FILE = "$(SRCROOT)/Shopmate/Config/Info.plist";
				LD_RUNPATH_SEARCH_PATHS = (
					"$(inherited)",
					"@executable_path/Frameworks",
				);
				PRODUCT_BUNDLE_IDENTIFIER = kynguyen.Shopmate;
				PRODUCT_NAME = "$(TARGET_NAME)";
				SWIFT_VERSION = 5.0;
				TARGETED_DEVICE_FAMILY = "1,2";
			};
			name = Release;
		};
/* End XCBuildConfiguration section */

/* Begin XCConfigurationList section */
		2680CE92225C97AE00693692 /* Build configuration list for PBXProject "Shopmate" */ = {
			isa = XCConfigurationList;
			buildConfigurations = (
				2680CEA7225C97AE00693692 /* Debug */,
				2680CEA8225C97AE00693692 /* Release */,
			);
			defaultConfigurationIsVisible = 0;
			defaultConfigurationName = Release;
		};
		2680CEA9225C97AE00693692 /* Build configuration list for PBXNativeTarget "Shopmate" */ = {
			isa = XCConfigurationList;
			buildConfigurations = (
				2680CEAA225C97AE00693692 /* Debug */,
				2680CEAB225C97AE00693692 /* Release */,
			);
			defaultConfigurationIsVisible = 0;
			defaultConfigurationName = Release;
		};
/* End XCConfigurationList section */
	};
	rootObject = 2680CE8F225C97AE00693692 /* Project object */;
}
